{
    "version": 4,
    "terraform_version": "1.5.7",
    "serial": 11,
    "lineage": "b696f567-b2cd-93fb-5422-e4bba9a79df9",
    "outputs": {},
    "resources": [
      {
        "mode": "managed",
        "type": "aws_s3_bucket",
        "name": "bucket",
        "provider": "provider[\"registry.terraform.io/hashicorp/aws\"]",
        "instances": [
          {
            "schema_version": 0,
            "attributes": {
              "acceleration_status": "",
              "acl": "private",
              "arn": "arn:aws:s3:::luxxy-covid-testing-system-pdf-pt-jmypuvnm",
              "bucket": "luxxy-covid-testing-system-pdf-pt-jmypuvnm",
              "bucket_domain_name": "luxxy-covid-testing-system-pdf-pt-jmypuvnm.s3.amazonaws.com",
              "bucket_prefix": null,
              "bucket_regional_domain_name": "luxxy-covid-testing-system-pdf-pt-jmypuvnm.s3.amazonaws.com",
              "cors_rule": [],
              "force_destroy": false,
              "grant": [],
              "hosted_zone_id": "Z3AQBSTGFYJSTF",
              "id": "luxxy-covid-testing-system-pdf-pt-jmypuvnm",
              "lifecycle_rule": [],
              "logging": [],
              "object_lock_configuration": [],
              "object_lock_enabled": false,
              "policy": null,
              "region": "us-east-1",
              "replication_configuration": [],
              "request_payer": "BucketOwner",
              "server_side_encryption_configuration": [
                {
                  "rule": [
                    {
                      "apply_server_side_encryption_by_default": [
                        {
                          "kms_master_key_id": "",
                          "sse_algorithm": "AES256"
                        }
                      ],
                      "bucket_key_enabled": false
                    }
                  ]
                }
              ],
              "tags": null,
              "tags_all": {},
              "versioning": [
                {
                  "enabled": false,
                  "mfa_delete": false
                }
              ],
              "website": [],
              "website_domain": null,
              "website_endpoint": null
            },
            "sensitive_attributes": [],
            "private": "bnVsbA==",
            "dependencies": [
              "random_string.suffix"
            ]
          }
        ]
      },
      {
        "mode": "managed",
        "type": "google_compute_global_address",
        "name": "private_ip_address",
        "provider": "provider[\"registry.terraform.io/hashicorp/google\"]",
        "instances": [
          {
            "schema_version": 0,
            "attributes": {
              "address": "10.77.0.0",
              "address_type": "INTERNAL",
              "creation_timestamp": "2024-07-03T13:16:32.830-07:00",
              "description": "",
              "id": "projects/boreal-logic-428320-u1/global/addresses/luxxy-private-ip-range-pt",
              "ip_version": "",
              "name": "luxxy-private-ip-range-pt",
              "network": "https://www.googleapis.com/compute/v1/projects/boreal-logic-428320-u1/global/networks/luxxy-vpc-network-pt",
              "prefix_length": 16,
              "project": "boreal-logic-428320-u1",
              "purpose": "VPC_PEERING",
              "self_link": "https://www.googleapis.com/compute/v1/projects/boreal-logic-428320-u1/global/addresses/luxxy-private-ip-range-pt",
              "timeouts": null
            },
            "sensitive_attributes": [],
            "private": "eyJlMmJmYjczMC1lY2FhLTExZTYtOGY4OC0zNDM2M2JjN2M0YzAiOnsiY3JlYXRlIjoxMjAwMDAwMDAwMDAwLCJkZWxldGUiOjEyMDAwMDAwMDAwMDB9fQ==",
            "dependencies": [
              "google_compute_network.vpc_network"
            ]
          }
        ]
      },
      {
        "mode": "managed",
        "type": "google_compute_network",
        "name": "vpc_network",
        "provider": "provider[\"registry.terraform.io/hashicorp/google\"]",
        "instances": [
          {
            "schema_version": 0,
            "attributes": {
              "auto_create_subnetworks": false,
              "delete_default_routes_on_create": false,
              "description": "",
              "enable_ula_internal_ipv6": false,
              "gateway_ipv4": "",
              "id": "projects/boreal-logic-428320-u1/global/networks/luxxy-vpc-network-pt",
              "internal_ipv6_range": "",
              "mtu": 0,
              "name": "luxxy-vpc-network-pt",
              "network_firewall_policy_enforcement_order": "AFTER_CLASSIC_FIREWALL",
              "numeric_id": "7137903209982988154",
              "project": "boreal-logic-428320-u1",
              "routing_mode": "REGIONAL",
              "self_link": "https://www.googleapis.com/compute/v1/projects/boreal-logic-428320-u1/global/networks/luxxy-vpc-network-pt",
              "timeouts": null
            },
            "sensitive_attributes": [],
            "private": "eyJlMmJmYjczMC1lY2FhLTExZTYtOGY4OC0zNDM2M2JjN2M0YzAiOnsiY3JlYXRlIjoxMjAwMDAwMDAwMDAwLCJkZWxldGUiOjEyMDAwMDAwMDAwMDAsInVwZGF0ZSI6MTIwMDAwMDAwMDAwMH19"
          }
        ]
      },
      {
        "mode": "managed",
        "type": "google_compute_subnetwork",
        "name": "vpc_subnetwork",
        "provider": "provider[\"registry.terraform.io/hashicorp/google\"]",
        "instances": [
          {
            "schema_version": 0,
            "attributes": {
              "creation_timestamp": "2024-07-03T13:16:35.209-07:00",
              "description": "",
              "external_ipv6_prefix": "",
              "fingerprint": null,
              "gateway_address": "10.0.0.1",
              "id": "projects/boreal-logic-428320-u1/regions/us-east4/subnetworks/luxxy-subnetwork-pt",
              "internal_ipv6_prefix": "",
              "ip_cidr_range": "10.0.0.0/20",
              "ipv6_access_type": "",
              "ipv6_cidr_range": "",
              "log_config": [],
              "name": "luxxy-subnetwork-pt",
              "network": "https://www.googleapis.com/compute/v1/projects/boreal-logic-428320-u1/global/networks/luxxy-vpc-network-pt",
              "private_ip_google_access": false,
              "private_ipv6_google_access": "DISABLE_GOOGLE_ACCESS",
              "project": "boreal-logic-428320-u1",
              "purpose": "PRIVATE",
              "region": "us-east4",
              "role": "",
              "secondary_ip_range": [],
              "self_link": "https://www.googleapis.com/compute/v1/projects/boreal-logic-428320-u1/regions/us-east4/subnetworks/luxxy-subnetwork-pt",
              "stack_type": "IPV4_ONLY",
              "timeouts": null
            },
            "sensitive_attributes": [],
            "private": "eyJlMmJmYjczMC1lY2FhLTExZTYtOGY4OC0zNDM2M2JjN2M0YzAiOnsiY3JlYXRlIjoxMjAwMDAwMDAwMDAwLCJkZWxldGUiOjEyMDAwMDAwMDAwMDAsInVwZGF0ZSI6MTIwMDAwMDAwMDAwMH19",
            "dependencies": [
              "google_compute_network.vpc_network"
            ]
          }
        ]
      },
      {
        "mode": "managed",
        "type": "google_container_cluster",
        "name": "primary",
        "provider": "provider[\"registry.terraform.io/hashicorp/google\"]",
        "instances": [
          {
            "schema_version": 2,
            "attributes": {
              "addons_config": [
                {
                  "cloudrun_config": [],
                  "config_connector_config": [],
                  "dns_cache_config": [
                    {
                      "enabled": true
                    }
                  ],
                  "gce_persistent_disk_csi_driver_config": [
                    {
                      "enabled": true
                    }
                  ],
                  "gcp_filestore_csi_driver_config": [
                    {
                      "enabled": true
                    }
                  ],
                  "gcs_fuse_csi_driver_config": [
                    {
                      "enabled": true
                    }
                  ],
                  "gke_backup_agent_config": [],
                  "horizontal_pod_autoscaling": [],
                  "http_load_balancing": [],
                  "network_policy_config": [
                    {
                      "disabled": true
                    }
                  ],
                  "stateful_ha_config": [
                    {
                      "enabled": true
                    }
                  ]
                }
              ],
              "allow_net_admin": null,
              "authenticator_groups_config": [],
              "binary_authorization": [
                {
                  "enabled": false,
                  "evaluation_mode": ""
                }
              ],
              "cluster_autoscaling": [
                {
                  "auto_provisioning_defaults": [
                    {
                      "boot_disk_kms_key": "",
                      "disk_size": 0,
                      "disk_type": "",
                      "image_type": "COS_CONTAINERD",
                      "management": [
                        {
                          "auto_repair": true,
                          "auto_upgrade": true,
                          "upgrade_options": []
                        }
                      ],
                      "min_cpu_platform": "",
                      "oauth_scopes": [
                        "https://www.googleapis.com/auth/devstorage.read_only",
                        "https://www.googleapis.com/auth/logging.write",
                        "https://www.googleapis.com/auth/monitoring",
                        "https://www.googleapis.com/auth/service.management.readonly",
                        "https://www.googleapis.com/auth/servicecontrol",
                        "https://www.googleapis.com/auth/trace.append"
                      ],
                      "service_account": "default",
                      "shielded_instance_config": [],
                      "upgrade_settings": [
                        {
                          "blue_green_settings": [],
                          "max_surge": 1,
                          "max_unavailable": 0,
                          "strategy": "SURGE"
                        }
                      ]
                    }
                  ],
                  "autoscaling_profile": "OPTIMIZE_UTILIZATION",
                  "enabled": true,
                  "resource_limits": [
                    {
                      "maximum": 1000000000,
                      "minimum": 0,
                      "resource_type": "cpu"
                    },
                    {
                      "maximum": 1000000000,
                      "minimum": 0,
                      "resource_type": "memory"
                    },
                    {
                      "maximum": 1000000000,
                      "minimum": 0,
                      "resource_type": "nvidia-tesla-t4"
                    },
                    {
                      "maximum": 1000000000,
                      "minimum": 0,
                      "resource_type": "nvidia-tesla-a100"
                    }
                  ]
                }
              ],
              "cluster_ipv4_cidr": "10.6.0.0/17",
              "confidential_nodes": [],
              "cost_management_config": [],
              "database_encryption": [
                {
                  "key_name": "",
                  "state": "DECRYPTED"
                }
              ],
              "datapath_provider": "ADVANCED_DATAPATH",
              "default_max_pods_per_node": 110,
              "default_snat_status": [
                {
                  "disabled": false
                }
              ],
              "deletion_protection": false,
              "description": "",
              "dns_config": [
                {
                  "cluster_dns": "CLOUD_DNS",
                  "cluster_dns_domain": "cluster.local",
                  "cluster_dns_scope": "CLUSTER_SCOPE"
                }
              ],
              "enable_autopilot": true,
              "enable_cilium_clusterwide_network_policy": false,
              "enable_intranode_visibility": true,
              "enable_k8s_beta_apis": [],
              "enable_kubernetes_alpha": false,
              "enable_l4_ilb_subsetting": false,
              "enable_legacy_abac": false,
              "enable_shielded_nodes": true,
              "enable_tpu": false,
              "endpoint": "34.48.168.181",
              "fleet": [],
              "gateway_api_config": [
                {
                  "channel": "CHANNEL_STANDARD"
                }
              ],
              "id": "projects/boreal-logic-428320-u1/locations/us-east4/clusters/luxxy-kubernetes-cluster-pt",
              "identity_service_config": [],
              "initial_node_count": 1,
              "ip_allocation_policy": [
                {
                  "additional_pod_ranges_config": [],
                  "cluster_ipv4_cidr_block": "10.6.0.0/17",
                  "cluster_secondary_range_name": "gke-luxxy-kubernetes-cluster-pt-pods-986c2fcb",
                  "pod_cidr_overprovision_config": [
                    {
                      "disabled": false
                    }
                  ],
                  "services_ipv4_cidr_block": "34.118.224.0/20",
                  "services_secondary_range_name": "",
                  "stack_type": "IPV4"
                }
              ],
              "label_fingerprint": "a9dc16a7",
              "location": "us-east4",
              "logging_config": [
                {
                  "enable_components": [
                    "SYSTEM_COMPONENTS",
                    "WORKLOADS"
                  ]
                }
              ],
              "logging_service": "logging.googleapis.com/kubernetes",
              "maintenance_policy": [],
              "master_auth": [
                {
                  "client_certificate": "",
                  "client_certificate_config": [
                    {
                      "issue_client_certificate": false
                    }
                  ],
                  "client_key": "",
                  "cluster_ca_certificate": "LS0tLS1CRUdJTiBDRVJUSUZJQ0FURS0tLS0tCk1JSUVMRENDQXBTZ0F3SUJBZ0lRYnU2L2JpU2FFT0M5L1Rka0M2TjlVekFOQmdrcWhraUc5dzBCQVFzRkFEQXYKTVMwd0t3WURWUVFERXlReVl6STBZV1ZpWXkweVpHVTVMVFF3TVRJdFlUTTVZeTB3TmpFMU5qQmtOVFZrT1RndwpJQmNOTWpRd056QXpNVGt4TmpVM1doZ1BNakExTkRBMk1qWXlNREUyTlRkYU1DOHhMVEFyQmdOVkJBTVRKREpqCk1qUmhaV0pqTFRKa1pUa3ROREF4TWkxaE16bGpMVEEyTVRVMk1HUTFOV1E1T0RDQ0FhSXdEUVlKS29aSWh2Y04KQVFFQkJRQURnZ0dQQURDQ0FZb0NnZ0dCQUp5Z3Zqdlh5anE3Q25ZNnpiNHN6RDJPUHRubjJtdi9nQ09Rc2ZZVgozLzZkUXNzWm5kN2ZJNFNJSVJVQzVXMk1hTTFibGU5V0g5bFlpWjJESlVVeDVCeEhpYk1NcmY2T1h2RVh1QkswClVvb2Rxczc3SFdCUzhlOE1Qa2svVCtqZHZmbkt0ZFF5ank0Tk90dTJDaEY4YXBPbFppdDB1N2grYWVyQjZwVngKR0ZzR1BndWo4d1NKNk5ybGNFSzRvTFZYZnBZSFRpR1hOeGpURmRVdzliaXhMRGtrelltaUc5UGp0K0pYSTZETgpFRzcyaFBzRlFFelJMU0R4L0VsMERxd3dJVW9NNFU4Yy9rdHAwemRZTFJVV0oxU2VsSEpNK2RaRFg4ZFNtRkRPClBqYityTTRhZ202a0pPNitldG1ubW5YbXlIZUlkem1vYUl0bE02SHdtYzR3VWxKbjh4aXhxN0sydnRFOUNSZWQKcklaRk1IVFRJSUNja2YzTEZqWHl4bmlCa3VXbW9BRjd6RmRDazhCaFFJWlE3WW1mM1BnRkRETkNnZVBrTG5IMAo0dmFwSjR0MkRXRWFiakVoMjJ2V3BEekVwUSt1WFU2bEttY090ZCt5Z3pUcGthZXprWHFVaEFTVlY5RU9XRTlrCnVPVVozQ0NKQXZVTHl4YzZSLzZsV0g3ZmV3SURBUUFCbzBJd1FEQU9CZ05WSFE4QkFmOEVCQU1DQWdRd0R3WUQKVlIwVEFRSC9CQVV3QXdFQi96QWRCZ05WSFE0RUZnUVVRc0xaRGNUcUE0MzZQeHV3N0pMOXg1WHdSUGN3RFFZSgpLb1pJaHZjTkFRRUxCUUFEZ2dHQkFJa2FHdDdRNURiRkRhZlhxSHhEN2w3TDBCT1BsTmdzcnNJQU5VR3owalo3CmdOQ1l2SmRramxSU3RlMkhsTXEvV3ZhdjVxUC9kNU9PRHcyNVo2RzhneWErZ1FrbnR5RGttZzlzSjlxdC9iR3AKajhMTWhFbk1ldEtIRkdBVUpZa3dzTndYRWpCTGZMT3ZZaHh1SGVXSG0vazVJMGNQVmlQaXlqYXdjZStaelBySwpiMjB0L1V1V3Z4aXhjVDFVbmdXczFxODRvV2tSVGNBODRMZjc2SExrSDhwMU1EU1ZYSzRXQk9qSDFhb0pVVUU1ClM5S2MrRm9QZzJjS3RweXU2VzZrQzJ6VkpaKzA5dzBnZTJGakRCaG5wc09LUk9YdW9PZmsvV3F1VlFHc0FJZkEKdUtDdGVCd1R6OFFWQjdzL0l2c1pvek5yTS9mc0dKRTdjbUFVRnRTb3hkZWttb0toOGVMNXhMTEZ3Y241ZHpvTQo5QVRuRUs4b3lPMHcvOXJMcDdMWWlVb3M2a1BMMUJlQ2E2a2pKSUdWWXRSS1g4bmhUM090ODdnWU1TdEVJOVRnCm1xVWFSZG5wa2tUSHoxeUFZRG13K3VxbmhaVmhUaG9CdGRsUmgwcm40WEJWUForaUJNYTNNQTU1b1dFb0R3aGQKekswK1Q5ZEdJL1ZZQXpCOThTNHcrZz09Ci0tLS0tRU5EIENFUlRJRklDQVRFLS0tLS0K"
                }
              ],
              "master_authorized_networks_config": [],
              "master_version": "1.29.4-gke.1043002",
              "mesh_certificates": [],
              "min_master_version": null,
              "monitoring_config": [
                {
                  "advanced_datapath_observability_config": [
                    {
                      "enable_metrics": true,
                      "enable_relay": false,
                      "relay_mode": "DISABLED"
                    }
                  ],
                  "enable_components": [
                    "SYSTEM_COMPONENTS",
                    "STORAGE",
                    "HPA",
                    "POD",
                    "DAEMONSET",
                    "DEPLOYMENT",
                    "STATEFULSET",
                    "CADVISOR",
                    "KUBELET"
                  ],
                  "managed_prometheus": [
                    {
                      "enabled": true
                    }
                  ]
                }
              ],
              "monitoring_service": "monitoring.googleapis.com/kubernetes",
              "name": "luxxy-kubernetes-cluster-pt",
              "network": "projects/boreal-logic-428320-u1/global/networks/luxxy-vpc-network-pt",
              "network_policy": [
                {
                  "enabled": false,
                  "provider": "PROVIDER_UNSPECIFIED"
                }
              ],
              "networking_mode": "VPC_NATIVE",
              "node_config": [
                {
                  "advanced_machine_features": [],
                  "boot_disk_kms_key": "",
                  "confidential_nodes": [],
                  "containerd_config": [],
                  "disk_size_gb": 100,
                  "disk_type": "pd-balanced",
                  "effective_taints": [
                    {
                      "effect": "NO_SCHEDULE",
                      "key": "cloud.google.com/gke-quick-remove",
                      "value": "true"
                    }
                  ],
                  "enable_confidential_storage": false,
                  "ephemeral_storage_local_ssd_config": [],
                  "fast_socket": [],
                  "gcfs_config": [],
                  "guest_accelerator": [],
                  "gvnic": [],
                  "host_maintenance_policy": [],
                  "image_type": "COS_CONTAINERD",
                  "kubelet_config": [],
                  "labels": {},
                  "linux_node_config": [],
                  "local_nvme_ssd_block_config": [],
                  "local_ssd_count": 0,
                  "logging_variant": "DEFAULT",
                  "machine_type": "e2-small",
                  "metadata": {
                    "disable-legacy-endpoints": "true"
                  },
                  "min_cpu_platform": "",
                  "node_group": "",
                  "oauth_scopes": [
                    "https://www.googleapis.com/auth/cloud-platform"
                  ],
                  "preemptible": false,
                  "reservation_affinity": [
                    {
                      "consume_reservation_type": "NO_RESERVATION",
                      "key": "",
                      "values": []
                    }
                  ],
                  "resource_labels": null,
                  "resource_manager_tags": null,
                  "secondary_boot_disks": [],
                  "service_account": "default",
                  "shielded_instance_config": [
                    {
                      "enable_integrity_monitoring": true,
                      "enable_secure_boot": true
                    }
                  ],
                  "sole_tenant_config": [],
                  "spot": false,
                  "tags": [],
                  "taint": [],
                  "workload_metadata_config": [
                    {
                      "mode": "GKE_METADATA"
                    }
                  ]
                }
              ],
              "node_locations": [
                "us-east4-a",
                "us-east4-b",
                "us-east4-c"
              ],
              "node_pool": [
                {
                  "autoscaling": [
                    {
                      "location_policy": "BALANCED",
                      "max_node_count": 1000,
                      "min_node_count": 0,
                      "total_max_node_count": 0,
                      "total_min_node_count": 0
                    }
                  ],
                  "initial_node_count": 1,
                  "instance_group_urls": [],
                  "managed_instance_group_urls": [],
                  "management": [
                    {
                      "auto_repair": true,
                      "auto_upgrade": true
                    }
                  ],
                  "max_pods_per_node": 32,
                  "name": "default-pool",
                  "name_prefix": "",
                  "network_config": [
                    {
                      "create_pod_range": false,
                      "enable_private_nodes": false,
                      "network_performance_config": [],
                      "pod_cidr_overprovision_config": [],
                      "pod_ipv4_cidr_block": "10.6.0.0/17",
                      "pod_range": "gke-luxxy-kubernetes-cluster-pt-pods-986c2fcb"
                    }
                  ],
                  "node_config": [
                    {
                      "advanced_machine_features": [],
                      "boot_disk_kms_key": "",
                      "confidential_nodes": [],
                      "containerd_config": [],
                      "disk_size_gb": 100,
                      "disk_type": "pd-balanced",
                      "effective_taints": [
                        {
                          "effect": "NO_SCHEDULE",
                          "key": "cloud.google.com/gke-quick-remove",
                          "value": "true"
                        }
                      ],
                      "enable_confidential_storage": false,
                      "ephemeral_storage_local_ssd_config": [],
                      "fast_socket": [],
                      "gcfs_config": [],
                      "guest_accelerator": [],
                      "gvnic": [],
                      "host_maintenance_policy": [],
                      "image_type": "COS_CONTAINERD",
                      "kubelet_config": [],
                      "labels": {},
                      "linux_node_config": [],
                      "local_nvme_ssd_block_config": [],
                      "local_ssd_count": 0,
                      "logging_variant": "DEFAULT",
                      "machine_type": "e2-small",
                      "metadata": {
                        "disable-legacy-endpoints": "true"
                      },
                      "min_cpu_platform": "",
                      "node_group": "",
                      "oauth_scopes": [
                        "https://www.googleapis.com/auth/devstorage.read_only",
                        "https://www.googleapis.com/auth/logging.write",
                        "https://www.googleapis.com/auth/monitoring",
                        "https://www.googleapis.com/auth/service.management.readonly",
                        "https://www.googleapis.com/auth/servicecontrol",
                        "https://www.googleapis.com/auth/trace.append"
                      ],
                      "preemptible": false,
                      "reservation_affinity": [
                        {
                          "consume_reservation_type": "NO_RESERVATION",
                          "key": "",
                          "values": []
                        }
                      ],
                      "resource_labels": {},
                      "resource_manager_tags": {},
                      "secondary_boot_disks": [],
                      "service_account": "default",
                      "shielded_instance_config": [
                        {
                          "enable_integrity_monitoring": true,
                          "enable_secure_boot": true
                        }
                      ],
                      "sole_tenant_config": [],
                      "spot": false,
                      "tags": [],
                      "taint": [],
                      "workload_metadata_config": [
                        {
                          "mode": "GKE_METADATA"
                        }
                      ]
                    }
                  ],
                  "node_count": 0,
                  "node_locations": [
                    "us-east4-a"
                  ],
                  "placement_policy": [],
                  "queued_provisioning": [],
                  "upgrade_settings": [
                    {
                      "blue_green_settings": [],
                      "max_surge": 1,
                      "max_unavailable": 0,
                      "strategy": "SURGE"
                    }
                  ],
                  "version": "1.29.4-gke.1043002"
                },
                {
                  "autoscaling": [
                    {
                      "location_policy": "BALANCED",
                      "max_node_count": 1000,
                      "min_node_count": 0,
                      "total_max_node_count": 0,
                      "total_min_node_count": 0
                    }
                  ],
                  "initial_node_count": 0,
                  "instance_group_urls": [],
                  "managed_instance_group_urls": [],
                  "management": [
                    {
                      "auto_repair": true,
                      "auto_upgrade": true
                    }
                  ],
                  "max_pods_per_node": 32,
                  "name": "pool-1",
                  "name_prefix": "",
                  "network_config": [
                    {
                      "create_pod_range": false,
                      "enable_private_nodes": false,
                      "network_performance_config": [],
                      "pod_cidr_overprovision_config": [],
                      "pod_ipv4_cidr_block": "10.6.0.0/17",
                      "pod_range": "gke-luxxy-kubernetes-cluster-pt-pods-986c2fcb"
                    }
                  ],
                  "node_config": [
                    {
                      "advanced_machine_features": [],
                      "boot_disk_kms_key": "",
                      "confidential_nodes": [],
                      "containerd_config": [],
                      "disk_size_gb": 100,
                      "disk_type": "pd-balanced",
                      "effective_taints": [],
                      "enable_confidential_storage": false,
                      "ephemeral_storage_local_ssd_config": [],
                      "fast_socket": [],
                      "gcfs_config": [],
                      "guest_accelerator": [],
                      "gvnic": [],
                      "host_maintenance_policy": [],
                      "image_type": "COS_CONTAINERD",
                      "kubelet_config": [],
                      "labels": {},
                      "linux_node_config": [],
                      "local_nvme_ssd_block_config": [],
                      "local_ssd_count": 0,
                      "logging_variant": "DEFAULT",
                      "machine_type": "e2-medium",
                      "metadata": {
                        "disable-legacy-endpoints": "true"
                      },
                      "min_cpu_platform": "",
                      "node_group": "",
                      "oauth_scopes": [
                        "https://www.googleapis.com/auth/devstorage.read_only",
                        "https://www.googleapis.com/auth/logging.write",
                        "https://www.googleapis.com/auth/monitoring",
                        "https://www.googleapis.com/auth/service.management.readonly",
                        "https://www.googleapis.com/auth/servicecontrol",
                        "https://www.googleapis.com/auth/trace.append"
                      ],
                      "preemptible": false,
                      "reservation_affinity": [
                        {
                          "consume_reservation_type": "NO_RESERVATION",
                          "key": "",
                          "values": []
                        }
                      ],
                      "resource_labels": {},
                      "resource_manager_tags": {},
                      "secondary_boot_disks": [],
                      "service_account": "default",
                      "shielded_instance_config": [
                        {
                          "enable_integrity_monitoring": true,
                          "enable_secure_boot": true
                        }
                      ],
                      "sole_tenant_config": [],
                      "spot": false,
                      "tags": [],
                      "taint": [],
                      "workload_metadata_config": [
                        {
                          "mode": "GKE_METADATA"
                        }
                      ]
                    }
                  ],
                  "node_count": 0,
                  "node_locations": [
                    "us-east4-a",
                    "us-east4-b",
                    "us-east4-c"
                  ],
                  "placement_policy": [],
                  "queued_provisioning": [],
                  "upgrade_settings": [
                    {
                      "blue_green_settings": [],
                      "max_surge": 1,
                      "max_unavailable": 0,
                      "strategy": "SURGE"
                    }
                  ],
                  "version": "1.29.4-gke.1043002"
                },
                {
                  "autoscaling": [
                    {
                      "location_policy": "BALANCED",
                      "max_node_count": 1000,
                      "min_node_count": 0,
                      "total_max_node_count": 0,
                      "total_min_node_count": 0
                    }
                  ],
                  "initial_node_count": 0,
                  "instance_group_urls": [],
                  "managed_instance_group_urls": [],
                  "management": [
                    {
                      "auto_repair": true,
                      "auto_upgrade": true
                    }
                  ],
                  "max_pods_per_node": 32,
                  "name": "pool-2",
                  "name_prefix": "",
                  "network_config": [
                    {
                      "create_pod_range": false,
                      "enable_private_nodes": false,
                      "network_performance_config": [],
                      "pod_cidr_overprovision_config": [],
                      "pod_ipv4_cidr_block": "10.6.0.0/17",
                      "pod_range": "gke-luxxy-kubernetes-cluster-pt-pods-986c2fcb"
                    }
                  ],
                  "node_config": [
                    {
                      "advanced_machine_features": [],
                      "boot_disk_kms_key": "",
                      "confidential_nodes": [],
                      "containerd_config": [],
                      "disk_size_gb": 100,
                      "disk_type": "pd-balanced",
                      "effective_taints": [],
                      "enable_confidential_storage": false,
                      "ephemeral_storage_local_ssd_config": [],
                      "fast_socket": [],
                      "gcfs_config": [],
                      "guest_accelerator": [],
                      "gvnic": [],
                      "host_maintenance_policy": [],
                      "image_type": "COS_CONTAINERD",
                      "kubelet_config": [],
                      "labels": {},
                      "linux_node_config": [],
                      "local_nvme_ssd_block_config": [],
                      "local_ssd_count": 0,
                      "logging_variant": "DEFAULT",
                      "machine_type": "e2-standard-2",
                      "metadata": {
                        "disable-legacy-endpoints": "true"
                      },
                      "min_cpu_platform": "",
                      "node_group": "",
                      "oauth_scopes": [
                        "https://www.googleapis.com/auth/devstorage.read_only",
                        "https://www.googleapis.com/auth/logging.write",
                        "https://www.googleapis.com/auth/monitoring",
                        "https://www.googleapis.com/auth/service.management.readonly",
                        "https://www.googleapis.com/auth/servicecontrol",
                        "https://www.googleapis.com/auth/trace.append"
                      ],
                      "preemptible": false,
                      "reservation_affinity": [
                        {
                          "consume_reservation_type": "NO_RESERVATION",
                          "key": "",
                          "values": []
                        }
                      ],
                      "resource_labels": {},
                      "resource_manager_tags": {},
                      "secondary_boot_disks": [],
                      "service_account": "default",
                      "shielded_instance_config": [
                        {
                          "enable_integrity_monitoring": true,
                          "enable_secure_boot": true
                        }
                      ],
                      "sole_tenant_config": [],
                      "spot": false,
                      "tags": [],
                      "taint": [],
                      "workload_metadata_config": [
                        {
                          "mode": "GKE_METADATA"
                        }
                      ]
                    }
                  ],
                  "node_count": 0,
                  "node_locations": [
                    "us-east4-a",
                    "us-east4-b",
                    "us-east4-c"
                  ],
                  "placement_policy": [],
                  "queued_provisioning": [],
                  "upgrade_settings": [
                    {
                      "blue_green_settings": [],
                      "max_surge": 1,
                      "max_unavailable": 0,
                      "strategy": "SURGE"
                    }
                  ],
                  "version": "1.29.4-gke.1043002"
                },
                {
                  "autoscaling": [
                    {
                      "location_policy": "BALANCED",
                      "max_node_count": 1000,
                      "min_node_count": 0,
                      "total_max_node_count": 0,
                      "total_min_node_count": 0
                    }
                  ],
                  "initial_node_count": 0,
                  "instance_group_urls": [],
                  "managed_instance_group_urls": [],
                  "management": [
                    {
                      "auto_repair": true,
                      "auto_upgrade": true
                    }
                  ],
                  "max_pods_per_node": 32,
                  "name": "pool-3",
                  "name_prefix": "",
                  "network_config": [
                    {
                      "create_pod_range": false,
                      "enable_private_nodes": false,
                      "network_performance_config": [],
                      "pod_cidr_overprovision_config": [],
                      "pod_ipv4_cidr_block": "10.6.0.0/17",
                      "pod_range": "gke-luxxy-kubernetes-cluster-pt-pods-986c2fcb"
                    }
                  ],
                  "node_config": [
                    {
                      "advanced_machine_features": [],
                      "boot_disk_kms_key": "",
                      "confidential_nodes": [],
                      "containerd_config": [],
                      "disk_size_gb": 100,
                      "disk_type": "pd-balanced",
                      "effective_taints": [],
                      "enable_confidential_storage": false,
                      "ephemeral_storage_local_ssd_config": [],
                      "fast_socket": [],
                      "gcfs_config": [],
                      "guest_accelerator": [],
                      "gvnic": [],
                      "host_maintenance_policy": [],
                      "image_type": "COS_CONTAINERD",
                      "kubelet_config": [],
                      "labels": {},
                      "linux_node_config": [],
                      "local_nvme_ssd_block_config": [],
                      "local_ssd_count": 0,
                      "logging_variant": "DEFAULT",
                      "machine_type": "e2-standard-4",
                      "metadata": {
                        "disable-legacy-endpoints": "true"
                      },
                      "min_cpu_platform": "",
                      "node_group": "",
                      "oauth_scopes": [
                        "https://www.googleapis.com/auth/devstorage.read_only",
                        "https://www.googleapis.com/auth/logging.write",
                        "https://www.googleapis.com/auth/monitoring",
                        "https://www.googleapis.com/auth/service.management.readonly",
                        "https://www.googleapis.com/auth/servicecontrol",
                        "https://www.googleapis.com/auth/trace.append"
                      ],
                      "preemptible": false,
                      "reservation_affinity": [
                        {
                          "consume_reservation_type": "NO_RESERVATION",
                          "key": "",
                          "values": []
                        }
                      ],
                      "resource_labels": {},
                      "resource_manager_tags": {},
                      "secondary_boot_disks": [],
                      "service_account": "default",
                      "shielded_instance_config": [
                        {
                          "enable_integrity_monitoring": true,
                          "enable_secure_boot": true
                        }
                      ],
                      "sole_tenant_config": [],
                      "spot": false,
                      "tags": [],
                      "taint": [],
                      "workload_metadata_config": [
                        {
                          "mode": "GKE_METADATA"
                        }
                      ]
                    }
                  ],
                  "node_count": 0,
                  "node_locations": [
                    "us-east4-a",
                    "us-east4-b",
                    "us-east4-c"
                  ],
                  "placement_policy": [],
                  "queued_provisioning": [],
                  "upgrade_settings": [
                    {
                      "blue_green_settings": [],
                      "max_surge": 1,
                      "max_unavailable": 0,
                      "strategy": "SURGE"
                    }
                  ],
                  "version": "1.29.4-gke.1043002"
                },
                {
                  "autoscaling": [
                    {
                      "location_policy": "BALANCED",
                      "max_node_count": 1000,
                      "min_node_count": 0,
                      "total_max_node_count": 0,
                      "total_min_node_count": 0
                    }
                  ],
                  "initial_node_count": 0,
                  "instance_group_urls": [],
                  "managed_instance_group_urls": [],
                  "management": [
                    {
                      "auto_repair": true,
                      "auto_upgrade": true
                    }
                  ],
                  "max_pods_per_node": 32,
                  "name": "pool-4",
                  "name_prefix": "",
                  "network_config": [
                    {
                      "create_pod_range": false,
                      "enable_private_nodes": false,
                      "network_performance_config": [],
                      "pod_cidr_overprovision_config": [],
                      "pod_ipv4_cidr_block": "10.6.0.0/17",
                      "pod_range": "gke-luxxy-kubernetes-cluster-pt-pods-986c2fcb"
                    }
                  ],
                  "node_config": [
                    {
                      "advanced_machine_features": [],
                      "boot_disk_kms_key": "",
                      "confidential_nodes": [],
                      "containerd_config": [],
                      "disk_size_gb": 100,
                      "disk_type": "pd-balanced",
                      "effective_taints": [],
                      "enable_confidential_storage": false,
                      "ephemeral_storage_local_ssd_config": [],
                      "fast_socket": [],
                      "gcfs_config": [],
                      "guest_accelerator": [],
                      "gvnic": [],
                      "host_maintenance_policy": [],
                      "image_type": "COS_CONTAINERD",
                      "kubelet_config": [],
                      "labels": {},
                      "linux_node_config": [],
                      "local_nvme_ssd_block_config": [],
                      "local_ssd_count": 0,
                      "logging_variant": "DEFAULT",
                      "machine_type": "e2-standard-8",
                      "metadata": {
                        "disable-legacy-endpoints": "true"
                      },
                      "min_cpu_platform": "",
                      "node_group": "",
                      "oauth_scopes": [
                        "https://www.googleapis.com/auth/devstorage.read_only",
                        "https://www.googleapis.com/auth/logging.write",
                        "https://www.googleapis.com/auth/monitoring",
                        "https://www.googleapis.com/auth/service.management.readonly",
                        "https://www.googleapis.com/auth/servicecontrol",
                        "https://www.googleapis.com/auth/trace.append"
                      ],
                      "preemptible": false,
                      "reservation_affinity": [
                        {
                          "consume_reservation_type": "NO_RESERVATION",
                          "key": "",
                          "values": []
                        }
                      ],
                      "resource_labels": {},
                      "resource_manager_tags": {},
                      "secondary_boot_disks": [],
                      "service_account": "default",
                      "shielded_instance_config": [
                        {
                          "enable_integrity_monitoring": true,
                          "enable_secure_boot": true
                        }
                      ],
                      "sole_tenant_config": [],
                      "spot": false,
                      "tags": [],
                      "taint": [],
                      "workload_metadata_config": [
                        {
                          "mode": "GKE_METADATA"
                        }
                      ]
                    }
                  ],
                  "node_count": 0,
                  "node_locations": [
                    "us-east4-a",
                    "us-east4-b",
                    "us-east4-c"
                  ],
                  "placement_policy": [],
                  "queued_provisioning": [],
                  "upgrade_settings": [
                    {
                      "blue_green_settings": [],
                      "max_surge": 1,
                      "max_unavailable": 0,
                      "strategy": "SURGE"
                    }
                  ],
                  "version": "1.29.4-gke.1043002"
                },
                {
                  "autoscaling": [
                    {
                      "location_policy": "BALANCED",
                      "max_node_count": 1000,
                      "min_node_count": 0,
                      "total_max_node_count": 0,
                      "total_min_node_count": 0
                    }
                  ],
                  "initial_node_count": 0,
                  "instance_group_urls": [],
                  "managed_instance_group_urls": [],
                  "management": [
                    {
                      "auto_repair": true,
                      "auto_upgrade": true
                    }
                  ],
                  "max_pods_per_node": 32,
                  "name": "pool-5",
                  "name_prefix": "",
                  "network_config": [
                    {
                      "create_pod_range": false,
                      "enable_private_nodes": false,
                      "network_performance_config": [],
                      "pod_cidr_overprovision_config": [],
                      "pod_ipv4_cidr_block": "10.6.0.0/17",
                      "pod_range": "gke-luxxy-kubernetes-cluster-pt-pods-986c2fcb"
                    }
                  ],
                  "node_config": [
                    {
                      "advanced_machine_features": [],
                      "boot_disk_kms_key": "",
                      "confidential_nodes": [],
                      "containerd_config": [],
                      "disk_size_gb": 100,
                      "disk_type": "pd-balanced",
                      "effective_taints": [],
                      "enable_confidential_storage": false,
                      "ephemeral_storage_local_ssd_config": [],
                      "fast_socket": [],
                      "gcfs_config": [],
                      "guest_accelerator": [],
                      "gvnic": [],
                      "host_maintenance_policy": [],
                      "image_type": "COS_CONTAINERD",
                      "kubelet_config": [],
                      "labels": {},
                      "linux_node_config": [],
                      "local_nvme_ssd_block_config": [],
                      "local_ssd_count": 0,
                      "logging_variant": "DEFAULT",
                      "machine_type": "e2-standard-16",
                      "metadata": {
                        "disable-legacy-endpoints": "true"
                      },
                      "min_cpu_platform": "",
                      "node_group": "",
                      "oauth_scopes": [
                        "https://www.googleapis.com/auth/devstorage.read_only",
                        "https://www.googleapis.com/auth/logging.write",
                        "https://www.googleapis.com/auth/monitoring",
                        "https://www.googleapis.com/auth/service.management.readonly",
                        "https://www.googleapis.com/auth/servicecontrol",
                        "https://www.googleapis.com/auth/trace.append"
                      ],
                      "preemptible": false,
                      "reservation_affinity": [
                        {
                          "consume_reservation_type": "NO_RESERVATION",
                          "key": "",
                          "values": []
                        }
                      ],
                      "resource_labels": {},
                      "resource_manager_tags": {},
                      "secondary_boot_disks": [],
                      "service_account": "default",
                      "shielded_instance_config": [
                        {
                          "enable_integrity_monitoring": true,
                          "enable_secure_boot": true
                        }
                      ],
                      "sole_tenant_config": [],
                      "spot": false,
                      "tags": [],
                      "taint": [],
                      "workload_metadata_config": [
                        {
                          "mode": "GKE_METADATA"
                        }
                      ]
                    }
                  ],
                  "node_count": 0,
                  "node_locations": [
                    "us-east4-a",
                    "us-east4-b",
                    "us-east4-c"
                  ],
                  "placement_policy": [],
                  "queued_provisioning": [],
                  "upgrade_settings": [
                    {
                      "blue_green_settings": [],
                      "max_surge": 1,
                      "max_unavailable": 0,
                      "strategy": "SURGE"
                    }
                  ],
                  "version": "1.29.4-gke.1043002"
                },
                {
                  "autoscaling": [
                    {
                      "location_policy": "BALANCED",
                      "max_node_count": 1000,
                      "min_node_count": 0,
                      "total_max_node_count": 0,
                      "total_min_node_count": 0
                    }
                  ],
                  "initial_node_count": 0,
                  "instance_group_urls": [],
                  "managed_instance_group_urls": [],
                  "management": [
                    {
                      "auto_repair": true,
                      "auto_upgrade": true
                    }
                  ],
                  "max_pods_per_node": 32,
                  "name": "pool-6",
                  "name_prefix": "",
                  "network_config": [
                    {
                      "create_pod_range": false,
                      "enable_private_nodes": false,
                      "network_performance_config": [],
                      "pod_cidr_overprovision_config": [],
                      "pod_ipv4_cidr_block": "10.6.0.0/17",
                      "pod_range": "gke-luxxy-kubernetes-cluster-pt-pods-986c2fcb"
                    }
                  ],
                  "node_config": [
                    {
                      "advanced_machine_features": [],
                      "boot_disk_kms_key": "",
                      "confidential_nodes": [],
                      "containerd_config": [],
                      "disk_size_gb": 100,
                      "disk_type": "pd-balanced",
                      "effective_taints": [],
                      "enable_confidential_storage": false,
                      "ephemeral_storage_local_ssd_config": [],
                      "fast_socket": [],
                      "gcfs_config": [],
                      "guest_accelerator": [],
                      "gvnic": [],
                      "host_maintenance_policy": [],
                      "image_type": "COS_CONTAINERD",
                      "kubelet_config": [],
                      "labels": {},
                      "linux_node_config": [],
                      "local_nvme_ssd_block_config": [],
                      "local_ssd_count": 0,
                      "logging_variant": "DEFAULT",
                      "machine_type": "e2-standard-32",
                      "metadata": {
                        "disable-legacy-endpoints": "true"
                      },
                      "min_cpu_platform": "",
                      "node_group": "",
                      "oauth_scopes": [
                        "https://www.googleapis.com/auth/devstorage.read_only",
                        "https://www.googleapis.com/auth/logging.write",
                        "https://www.googleapis.com/auth/monitoring",
                        "https://www.googleapis.com/auth/service.management.readonly",
                        "https://www.googleapis.com/auth/servicecontrol",
                        "https://www.googleapis.com/auth/trace.append"
                      ],
                      "preemptible": false,
                      "reservation_affinity": [
                        {
                          "consume_reservation_type": "NO_RESERVATION",
                          "key": "",
                          "values": []
                        }
                      ],
                      "resource_labels": {},
                      "resource_manager_tags": {},
                      "secondary_boot_disks": [],
                      "service_account": "default",
                      "shielded_instance_config": [
                        {
                          "enable_integrity_monitoring": true,
                          "enable_secure_boot": true
                        }
                      ],
                      "sole_tenant_config": [],
                      "spot": false,
                      "tags": [],
                      "taint": [],
                      "workload_metadata_config": [
                        {
                          "mode": "GKE_METADATA"
                        }
                      ]
                    }
                  ],
                  "node_count": 0,
                  "node_locations": [
                    "us-east4-a",
                    "us-east4-b",
                    "us-east4-c"
                  ],
                  "placement_policy": [],
                  "queued_provisioning": [],
                  "upgrade_settings": [
                    {
                      "blue_green_settings": [],
                      "max_surge": 1,
                      "max_unavailable": 0,
                      "strategy": "SURGE"
                    }
                  ],
                  "version": "1.29.4-gke.1043002"
                }
              ],
              "node_pool_auto_config": [],
              "node_pool_defaults": [
                {
                  "node_config_defaults": [
                    {
                      "containerd_config": [],
                      "logging_variant": "DEFAULT"
                    }
                  ]
                }
              ],
              "node_version": "1.29.4-gke.1043002",
              "notification_config": [
                {
                  "pubsub": [
                    {
                      "enabled": false,
                      "filter": [],
                      "topic": ""
                    }
                  ]
                }
              ],
              "operation": null,
              "private_cluster_config": [
                {
                  "enable_private_endpoint": false,
                  "enable_private_nodes": false,
                  "master_global_access_config": [
                    {
                      "enabled": false
                    }
                  ],
                  "master_ipv4_cidr_block": "",
                  "peering_name": "",
                  "private_endpoint": "10.0.0.2",
                  "private_endpoint_subnetwork": "",
                  "public_endpoint": "34.48.168.181"
                }
              ],
              "private_ipv6_google_access": "",
              "project": "boreal-logic-428320-u1",
              "release_channel": [
                {
                  "channel": "REGULAR"
                }
              ],
              "remove_default_node_pool": null,
              "resource_labels": null,
              "resource_usage_export_config": [],
              "security_posture_config": [
                {
                  "mode": "BASIC",
                  "vulnerability_mode": "VULNERABILITY_MODE_UNSPECIFIED"
                }
              ],
              "self_link": "https://container.googleapis.com/v1/projects/boreal-logic-428320-u1/locations/us-east4/clusters/luxxy-kubernetes-cluster-pt",
              "service_external_ips_config": [
                {
                  "enabled": false
                }
              ],
              "services_ipv4_cidr": "34.118.224.0/20",
              "subnetwork": "projects/boreal-logic-428320-u1/regions/us-east4/subnetworks/luxxy-subnetwork-pt",
              "timeouts": {
                "create": "30m",
                "delete": null,
                "read": null,
                "update": "40m"
              },
              "tpu_ipv4_cidr_block": "",
              "vertical_pod_autoscaling": [
                {
                  "enabled": true
                }
              ],
              "workload_identity_config": [
                {
                  "workload_pool": "boreal-logic-428320-u1.svc.id.goog"
                }
              ]
            },
            "sensitive_attributes": [],
            "private": "eyJlMmJmYjczMC1lY2FhLTExZTYtOGY4OC0zNDM2M2JjN2M0YzAiOnsiY3JlYXRlIjoxODAwMDAwMDAwMDAwLCJkZWxldGUiOjI0MDAwMDAwMDAwMDAsInJlYWQiOjI0MDAwMDAwMDAwMDAsInVwZGF0ZSI6MjQwMDAwMDAwMDAwMH0sInNjaGVtYV92ZXJzaW9uIjoiMiJ9",
            "dependencies": [
              "google_compute_network.vpc_network",
              "google_compute_subnetwork.vpc_subnetwork"
            ]
          }
        ]
      },
      {
        "mode": "managed",
        "type": "google_project_service",
        "name": "service_networking",
        "provider": "provider[\"registry.terraform.io/hashicorp/google\"]",
        "instances": [
          {
            "schema_version": 0,
            "attributes": {
              "disable_dependent_services": null,
              "disable_on_destroy": false,
              "id": "boreal-logic-428320-u1/servicenetworking.googleapis.com",
              "project": "boreal-logic-428320-u1",
              "service": "servicenetworking.googleapis.com",
              "timeouts": null
            },
            "sensitive_attributes": [],
            "private": "eyJlMmJmYjczMC1lY2FhLTExZTYtOGY4OC0zNDM2M2JjN2M0YzAiOnsiY3JlYXRlIjoxMjAwMDAwMDAwMDAwLCJkZWxldGUiOjEyMDAwMDAwMDAwMDAsInJlYWQiOjYwMDAwMDAwMDAwMCwidXBkYXRlIjoxMjAwMDAwMDAwMDAwfX0="
          }
        ]
      },
      {
        "mode": "managed",
        "type": "google_service_networking_connection",
        "name": "private_vpc_connection",
        "provider": "provider[\"registry.terraform.io/hashicorp/google\"]",
        "instances": [
          {
            "schema_version": 0,
            "attributes": {
              "deletion_policy": null,
              "id": "https%3A%2F%2Fwww.googleapis.com%2Fcompute%2Fv1%2Fprojects%2Fboreal-logic-428320-u1%2Fglobal%2Fnetworks%2Fluxxy-vpc-network-pt:servicenetworking.googleapis.com",
              "network": "https://www.googleapis.com/compute/v1/projects/boreal-logic-428320-u1/global/networks/luxxy-vpc-network-pt",
              "peering": "servicenetworking-googleapis-com",
              "reserved_peering_ranges": [
                "luxxy-private-ip-range-pt"
              ],
              "service": "servicenetworking.googleapis.com",
              "timeouts": null
            },
            "sensitive_attributes": [],
            "private": "eyJlMmJmYjczMC1lY2FhLTExZTYtOGY4OC0zNDM2M2JjN2M0YzAiOnsiY3JlYXRlIjo2MDAwMDAwMDAwMDAsImRlbGV0ZSI6NjAwMDAwMDAwMDAwLCJ1cGRhdGUiOjYwMDAwMDAwMDAwMH19",
            "dependencies": [
              "google_compute_global_address.private_ip_address",
              "google_compute_network.vpc_network",
              "google_project_service.service_networking"
            ]
          }
        ]
      },
      {
        "mode": "managed",
        "type": "google_sql_database",
        "name": "database",
        "provider": "provider[\"registry.terraform.io/hashicorp/google\"]",
        "instances": [
          {
            "schema_version": 0,
            "attributes": {
              "charset": "utf8",
              "collation": "utf8_general_ci",
              "deletion_policy": "DELETE",
              "id": "projects/boreal-logic-428320-u1/instances/luxxy-covid-testing-system-database-instance-pt/databases/dbcovidtesting",
              "instance": "luxxy-covid-testing-system-database-instance-pt",
              "name": "dbcovidtesting",
              "project": "boreal-logic-428320-u1",
              "self_link": "https://sqladmin.googleapis.com/sql/v1beta4/projects/boreal-logic-428320-u1/instances/luxxy-covid-testing-system-database-instance-pt/databases/dbcovidtesting",
              "timeouts": null
            },
            "sensitive_attributes": [],
            "private": "eyJlMmJmYjczMC1lY2FhLTExZTYtOGY4OC0zNDM2M2JjN2M0YzAiOnsiY3JlYXRlIjoxMjAwMDAwMDAwMDAwLCJkZWxldGUiOjEyMDAwMDAwMDAwMDAsInVwZGF0ZSI6MTIwMDAwMDAwMDAwMH19",
            "dependencies": [
              "google_compute_global_address.private_ip_address",
              "google_compute_network.vpc_network",
              "google_project_service.service_networking",
              "google_service_networking_connection.private_vpc_connection",
              "google_sql_database_instance.instance"
            ]
          }
        ]
      },
      {
        "mode": "managed",
        "type": "google_sql_database_instance",
        "name": "instance",
        "provider": "provider[\"registry.terraform.io/hashicorp/google\"]",
        "instances": [
          {
            "schema_version": 0,
            "attributes": {
              "available_maintenance_versions": [],
              "clone": [],
              "connection_name": "boreal-logic-428320-u1:us-east4:luxxy-covid-testing-system-database-instance-pt",
              "database_version": "MYSQL_5_7",
              "deletion_protection": false,
              "dns_name": "",
              "encryption_key_name": null,
              "first_ip_address": "34.86.60.180",
              "id": "luxxy-covid-testing-system-database-instance-pt",
              "instance_type": "CLOUD_SQL_INSTANCE",
              "ip_address": [
                {
                  "ip_address": "34.86.60.180",
                  "time_to_retire": "",
                  "type": "PRIMARY"
                },
                {
                  "ip_address": "10.77.0.3",
                  "time_to_retire": "",
                  "type": "PRIVATE"
                }
              ],
              "maintenance_version": "MYSQL_5_7_44.R20240527.01_00",
              "master_instance_name": "",
              "name": "luxxy-covid-testing-system-database-instance-pt",
              "private_ip_address": "10.77.0.3",
              "project": "boreal-logic-428320-u1",
              "psc_service_attachment_link": "",
              "public_ip_address": "34.86.60.180",
              "region": "us-east4",
              "replica_configuration": [],
              "restore_backup_context": [],
              "root_password": null,
              "self_link": "https://sqladmin.googleapis.com/sql/v1beta4/projects/boreal-logic-428320-u1/instances/luxxy-covid-testing-system-database-instance-pt",
              "server_ca_cert": [
                {
                  "cert": "-----BEGIN CERTIFICATE-----\nMIIDfzCCAmegAwIBAgIBADANBgkqhkiG9w0BAQsFADB3MS0wKwYDVQQuEyQyNDE5\nZDlkNy02MmQ1LTRkMDYtOGUxNi02MjZjMDc4Nzk4NTcxIzAhBgNVBAMTGkdvb2ds\nZSBDbG91ZCBTUUwgU2VydmVyIENBMRQwEgYDVQQKEwtHb29nbGUsIEluYzELMAkG\nA1UEBhMCVVMwHhcNMjQwNzAzMjAyMTEyWhcNMzQwNzAxMjAyMjEyWjB3MS0wKwYD\nVQQuEyQyNDE5ZDlkNy02MmQ1LTRkMDYtOGUxNi02MjZjMDc4Nzk4NTcxIzAhBgNV\nBAMTGkdvb2dsZSBDbG91ZCBTUUwgU2VydmVyIENBMRQwEgYDVQQKEwtHb29nbGUs\nIEluYzELMAkGA1UEBhMCVVMwggEiMA0GCSqGSIb3DQEBAQUAA4IBDwAwggEKAoIB\nAQCXT7VReucUwWqtuuDy2LSUh3cNkXyssOS0QwzydjI0IBXsiw75yEHeDjwJcLBR\njjkIixHPMlbWoetsTXWUmilQlHladscjf0WOXoYn8FibJb/xhS62lHtldTKVVP79\n1Onpi6OKutmdWUyeOoCIQvPiUVLs+0GT3ykUUcoLXpsqDjbjaYzuUAuiO+QHeHcs\na0yQUPeqwvS1nkhSwIuzGJC4Ccmq6cL5RBGSa5V6u9NKudjjdwWDw/tG5PhKO4Pc\nHs8ehXorK2R5viPJQHJBPWxesVdF4yDioeBmu+RYb272t+qNeOgiwiGb2Ao/s/7O\nxO/vklbfNqGFO9R/xDyXk8TlAgMBAAGjFjAUMBIGA1UdEwEB/wQIMAYBAf8CAQAw\nDQYJKoZIhvcNAQELBQADggEBAIVbs/AXNNvKP7zluZnzH/9gvnWoqFR6Qs3tNh3P\nYEPvT5aB5l94VrlsD5tSzDunnPla3BORJXnHQDdZGaEiFC/e5nN3YL5taYBvCm8q\nuKnkO/4kFdw6x0dg/ZqedrWni2sm1BjkI17KqsJ0bKauGWbfHZJREZmzieWKtF9w\nN7qfp51GMmX0VxzEJUAoL7zSXoY3+wLcy4bl22onvHEvgjN86nsvRy7zAvX62OAr\nVIngkzZ+SaMtDB+eMFx3hBvadhPKyJXehFUmF49xJe9P35Yy3gEXRm4M92nV0AKM\nzHQ0MlhvPYDhAfptMI2PNg0j5b0cKgAlDf8ew3E6JVY4uoc=\n-----END CERTIFICATE-----",
                  "common_name": "C=US,O=Google\\, Inc,CN=Google Cloud SQL Server CA,dnQualifier=2419d9d7-62d5-4d06-8e16-626c07879857",
                  "create_time": "2024-07-03T20:21:12.879Z",
                  "expiration_time": "2034-07-01T20:22:12.879Z",
                  "sha1_fingerprint": "c1c6d63eaee1c4e62b60633a68a22a6a6d3e4e93"
                }
              ],
              "service_account_email_address": "p708412156787-nf0wbe@gcp-sa-cloud-sql.iam.gserviceaccount.com",
              "settings": [
                {
                  "activation_policy": "ALWAYS",
                  "active_directory_config": [],
                  "advanced_machine_features": [],
                  "availability_type": "ZONAL",
                  "backup_configuration": [
                    {
                      "backup_retention_settings": [
                        {
                          "retained_backups": 7,
                          "retention_unit": "COUNT"
                        }
                      ],
                      "binary_log_enabled": false,
                      "enabled": false,
                      "location": "",
                      "point_in_time_recovery_enabled": false,
                      "start_time": "23:00",
                      "transaction_log_retention_days": 7
                    }
                  ],
                  "collation": "",
                  "connector_enforcement": "NOT_REQUIRED",
                  "data_cache_config": [],
                  "database_flags": [],
                  "deletion_protection_enabled": false,
                  "deny_maintenance_period": [],
                  "disk_autoresize": true,
                  "disk_autoresize_limit": 0,
                  "disk_size": 10,
                  "disk_type": "PD_SSD",
                  "edition": "ENTERPRISE",
                  "enable_google_ml_integration": false,
                  "insights_config": [],
                  "ip_configuration": [
                    {
                      "allocated_ip_range": "",
                      "authorized_networks": [
                        {
                          "expiration_time": "",
                          "name": "open-access",
                          "value": "0.0.0.0/0"
                        }
                      ],
                      "enable_private_path_for_google_cloud_services": false,
                      "ipv4_enabled": true,
                      "private_network": "projects/boreal-logic-428320-u1/global/networks/luxxy-vpc-network-pt",
                      "psc_config": [],
                      "require_ssl": false,
                      "ssl_mode": ""
                    }
                  ],
                  "location_preference": [
                    {
                      "follow_gae_application": "",
                      "secondary_zone": "",
                      "zone": "us-east4-b"
                    }
                  ],
                  "maintenance_window": [],
                  "password_validation_policy": [],
                  "pricing_plan": "PER_USE",
                  "sql_server_audit_config": [],
                  "tier": "db-f1-micro",
                  "time_zone": "",
                  "user_labels": {},
                  "version": 1
                }
              ],
              "timeouts": null
            },
            "sensitive_attributes": [],
            "private": "eyJlMmJmYjczMC1lY2FhLTExZTYtOGY4OC0zNDM2M2JjN2M0YzAiOnsiY3JlYXRlIjo1NDAwMDAwMDAwMDAwLCJkZWxldGUiOjU0MDAwMDAwMDAwMDAsInVwZGF0ZSI6NTQwMDAwMDAwMDAwMH19",
            "dependencies": [
              "google_compute_global_address.private_ip_address",
              "google_compute_network.vpc_network",
              "google_project_service.service_networking",
              "google_service_networking_connection.private_vpc_connection"
            ]
          }
        ]
      },
      {
        "mode": "managed",
        "type": "random_string",
        "name": "suffix",
        "provider": "provider[\"registry.terraform.io/hashicorp/random\"]",
        "instances": [
          {
            "schema_version": 2,
            "attributes": {
              "id": "jmypuvnm",
              "keepers": null,
              "length": 8,
              "lower": true,
              "min_lower": 0,
              "min_numeric": 0,
              "min_special": 0,
              "min_upper": 0,
              "number": false,
              "numeric": false,
              "override_special": null,
              "result": "jmypuvnm",
              "special": false,
              "upper": false
            },
            "sensitive_attributes": []
          }
        ]
      }
    ],
    "check_results": null
  }
  